
Microsoft Visual Studio Solution File, Format Version 12.00
# Visual Studio 2012
Project("{FAE04EC0-301F-11D3-BF4B-00C04F79EFBC}") = "AA", "AA.csproj", "{355D00DE-C24D-43E1-8506-4BEA423C0C0F}"
EndProject
Global
	GlobalSection(SolutionConfigurationPlatforms) = preSolution
		Debug|Any CPU = Debug|Any CPU
		Release|Any CPU = Release|Any CPU
	EndGlobalSection
	GlobalSection(ProjectConfigurationPlatforms) = postSolution
		{355D00DE-C24D-43E1-8506-4BEA423C0C0F}.Debug|Any CPU.ActiveCfg = Debug|Any CPU
		{355D00DE-C24D-43E1-8506-4BEA423C0C0F}.Debug|Any CPU.Build.0 = Debug|Any CPU
		{355D00DE-C24D-43E1-8506-4BEA423C0C0F}.Release|Any CPU.ActiveCfg = Release|Any CPU
		{355D00DE-C24D-43E1-8506-4BEA423C0C0F}.Release|Any CPU.Build.0 = Release|Any CPU
	EndGlobalSection
	GlobalSection(SolutionProperties) = preSolution
		HideSolutionNode = FALSE
	EndGlobalSection
EndGlobal
